
Microsoft Visual Studio Solution File, Format Version 12.00
# Visual Studio Version 17
VisualStudioVersion = 17.2.32630.192
MinimumVisualStudioVersion = 10.0.40219.1
Project("{FAE04EC0-301F-11D3-BF4B-00C04F79EFBC}") = "Vidly", "Vidly\Vidly.csproj", "{2099692E-C2BD-4EED-A349-698FE114F6E3}"
EndProject
Global
	GlobalSection(SolutionConfigurationPlatforms) = preSolution
		Debug|Any CPU = Debug|Any CPU
		Release|Any CPU = Release|Any CPU
	EndGlobalSection
	GlobalSection(ProjectConfigurationPlatforms) = postSolution
		{2099692E-C2BD-4EED-A349-698FE114F6E3}.Debug|Any CPU.ActiveCfg = Debug|Any CPU
		{2099692E-C2BD-4EED-A349-698FE114F6E3}.Debug|Any CPU.Build.0 = Debug|Any CPU
		{2099692E-C2BD-4EED-A349-698FE114F6E3}.Release|Any CPU.ActiveCfg = Release|Any CPU
		{2099692E-C2BD-4EED-A349-698FE114F6E3}.Release|Any CPU.Build.0 = Release|Any CPU
	EndGlobalSection
	GlobalSection(SolutionProperties) = preSolution
		HideSolutionNode = FALSE
	EndGlobalSection
	GlobalSection(ExtensibilityGlobals) = postSolution
		SolutionGuid = {7836A3F9-A5F5-43AE-AFA9-24DD688D6F0D}
	EndGlobalSection
EndGlobal
